
Microsoft Visual Studio Solution File, Format Version 11.00
# Visual Studio 2010
Project("{FAE04EC0-301F-11D3-BF4B-00C04F79EFBC}") = "Unity.Timeline", "Unity.Timeline.csproj", "{38a664fd-eeec-570a-8327-166a62cbfc84}"
EndProject
Project("{FAE04EC0-301F-11D3-BF4B-00C04F79EFBC}") = "Unity.Timeline.Editor", "Unity.Timeline.Editor.csproj", "{3e8d8894-1835-1c55-7202-c4147daa6322}"
EndProject
Project("{FAE04EC0-301F-11D3-BF4B-00C04F79EFBC}") = "Unity.TextMeshPro.Editor", "Unity.TextMeshPro.Editor.csproj", "{37f096d4-8281-01b7-5d4e-db9e7cb2f915}"
EndProject
Project("{FAE04EC0-301F-11D3-BF4B-00C04F79EFBC}") = "Unity.PlasticSCM.Editor", "Unity.PlasticSCM.Editor.csproj", "{ea0ace79-efd1-d674-7099-3a28101ada4f}"
EndProject
Project("{FAE04EC0-301F-11D3-BF4B-00C04F79EFBC}") = "Unity.VisualScripting.Flow", "Unity.VisualScripting.Flow.csproj", "{9efc1e1a-2563-16e8-f457-902ceb46c3e7}"
EndProject
Project("{FAE04EC0-301F-11D3-BF4B-00C04F79EFBC}") = "UnityEditor.UI", "UnityEditor.UI.csproj", "{2c41de78-577a-87a8-4996-bf9e2f8f284e}"
EndProject
Project("{FAE04EC0-301F-11D3-BF4B-00C04F79EFBC}") = "MerryYellow.CodeAssist.Editor", "MerryYellow.CodeAssist.Editor.csproj", "{8f943ccf-6915-3fcf-1b77-a8cb8e172417}"
EndProject
Project("{FAE04EC0-301F-11D3-BF4B-00C04F79EFBC}") = "Unity.VisualScripting.Core", "Unity.VisualScripting.Core.csproj", "{9e69e3ce-6295-e2da-aed4-9d218c060f0e}"
EndProject
Project("{FAE04EC0-301F-11D3-BF4B-00C04F79EFBC}") = "Unity.VisualScripting.Core.Editor", "Unity.VisualScripting.Core.Editor.csproj", "{1805bf00-682c-447b-20b0-87b6614563d2}"
EndProject
Project("{FAE04EC0-301F-11D3-BF4B-00C04F79EFBC}") = "Unity.VisualScripting.Flow.Editor", "Unity.VisualScripting.Flow.Editor.csproj", "{43cebdfb-d7c6-7c73-ea69-fd06206a9399}"
EndProject
Project("{FAE04EC0-301F-11D3-BF4B-00C04F79EFBC}") = "UnityEditor.TestRunner", "UnityEditor.TestRunner.csproj", "{f2c8b929-de33-ee48-6b51-01bca365300b}"
EndProject
Project("{FAE04EC0-301F-11D3-BF4B-00C04F79EFBC}") = "Unity.VisualScripting.SettingsProvider.Editor", "Unity.VisualScripting.SettingsProvider.Editor.csproj", "{1f216e73-432d-3447-cf2a-8b1b0e37e9a9}"
EndProject
Project("{FAE04EC0-301F-11D3-BF4B-00C04F79EFBC}") = "UnityEngine.TestRunner", "UnityEngine.TestRunner.csproj", "{9fb5d686-a96b-f0d6-ebc8-b071686d8675}"
EndProject
Project("{FAE04EC0-301F-11D3-BF4B-00C04F79EFBC}") = "UnityEngine.UI", "UnityEngine.UI.csproj", "{9bbcad23-352c-423c-2344-10f10bd34b8b}"
EndProject
Project("{FAE04EC0-301F-11D3-BF4B-00C04F79EFBC}") = "Unity.VisualStudio.Editor", "Unity.VisualStudio.Editor.csproj", "{acf73c9d-b49e-f437-d511-55a55f120b45}"
EndProject
Project("{FAE04EC0-301F-11D3-BF4B-00C04F79EFBC}") = "Unity.TestTools.CodeCoverage.Editor.OpenCover.Model", "Unity.TestTools.CodeCoverage.Editor.OpenCover.Model.csproj", "{92f18fd9-05fe-4648-5c55-ad14e0ae962d}"
EndProject
Project("{FAE04EC0-301F-11D3-BF4B-00C04F79EFBC}") = "Unity.Rider.Editor", "Unity.Rider.Editor.csproj", "{06b7f1c2-0f8d-81a8-b0ea-33f31c041c07}"
EndProject
Project("{FAE04EC0-301F-11D3-BF4B-00C04F79EFBC}") = "Unity.CollabProxy.Editor", "Unity.CollabProxy.Editor.csproj", "{faf8b4a9-a669-a91e-35e1-c0fe93c5445e}"
EndProject
Project("{FAE04EC0-301F-11D3-BF4B-00C04F79EFBC}") = "Unity.VisualScripting.State.Editor", "Unity.VisualScripting.State.Editor.csproj", "{bd3df4f7-b96a-7590-7617-f704a8931f93}"
EndProject
Project("{FAE04EC0-301F-11D3-BF4B-00C04F79EFBC}") = "Unity.TestTools.CodeCoverage.Editor", "Unity.TestTools.CodeCoverage.Editor.csproj", "{ba715de4-dc12-e4d3-e3b1-6b7a1bbb9bc5}"
EndProject
Project("{FAE04EC0-301F-11D3-BF4B-00C04F79EFBC}") = "Unity.VisualScripting.State", "Unity.VisualScripting.State.csproj", "{fa765de1-f431-916f-5954-19ceb91c8ef9}"
EndProject
Project("{FAE04EC0-301F-11D3-BF4B-00C04F79EFBC}") = "Unity.TextMeshPro", "Unity.TextMeshPro.csproj", "{308b6c17-0cb8-8c06-3c3f-d8444f9757e1}"
EndProject
Project("{FAE04EC0-301F-11D3-BF4B-00C04F79EFBC}") = "Unity.Performance.Profile-Analyzer.Editor", "Unity.Performance.Profile-Analyzer.Editor.csproj", "{a7aec374-9a82-c4d3-24df-1542fa194d39}"
EndProject
Project("{FAE04EC0-301F-11D3-BF4B-00C04F79EFBC}") = "Unity.VSCode.Editor", "Unity.VSCode.Editor.csproj", "{5e6a5f8c-1410-ff4e-85d1-91cd40ca913b}"
EndProject
Project("{FAE04EC0-301F-11D3-BF4B-00C04F79EFBC}") = "Unity.TestTools.CodeCoverage.Editor.OpenCover.Mono.Reflection", "Unity.TestTools.CodeCoverage.Editor.OpenCover.Mono.Reflection.csproj", "{dee6557c-0e69-2936-a338-459ddb208294}"
EndProject
Project("{FAE04EC0-301F-11D3-BF4B-00C04F79EFBC}") = "Unity.Settings.Editor", "Unity.Settings.Editor.csproj", "{de6eb129-5ffd-9c96-fce0-713a3a6b2eaf}"
EndProject
Project("{FAE04EC0-301F-11D3-BF4B-00C04F79EFBC}") = "Unity.EditorCoroutines.Editor", "Unity.EditorCoroutines.Editor.csproj", "{ee903754-21bb-af22-322d-b123568162f2}"
EndProject
Project("{FAE04EC0-301F-11D3-BF4B-00C04F79EFBC}") = "Unity.VisualScripting.Shared.Editor", "Unity.VisualScripting.Shared.Editor.csproj", "{12f2819b-6662-a232-1ad9-5f6769d3055f}"
EndProject
Project("{FAE04EC0-301F-11D3-BF4B-00C04F79EFBC}") = "Assembly-CSharp", "Assembly-CSharp.csproj", "{154f8f31-d6a6-ba76-7334-d466f54be190}"
EndProject
Project("{FAE04EC0-301F-11D3-BF4B-00C04F79EFBC}") = "Unity.Timeline", "Unity.Timeline.Player.csproj", "{65882ec5-008d-56ee-ab1d-0113773ff90e}"
EndProject
Project("{FAE04EC0-301F-11D3-BF4B-00C04F79EFBC}") = "Unity.VisualScripting.Flow", "Unity.VisualScripting.Flow.Player.csproj", "{f0318633-1433-1468-bf0a-24e592dac365}"
EndProject
Project("{FAE04EC0-301F-11D3-BF4B-00C04F79EFBC}") = "Unity.VisualScripting.Core", "Unity.VisualScripting.Core.Player.csproj", "{0dff1432-f65d-a139-d804-914731a6f37b}"
EndProject
Project("{FAE04EC0-301F-11D3-BF4B-00C04F79EFBC}") = "UnityEngine.TestRunner", "UnityEngine.TestRunner.Player.csproj", "{da4d451e-bce1-4fb4-2b3b-51e68157c9be}"
EndProject
Project("{FAE04EC0-301F-11D3-BF4B-00C04F79EFBC}") = "UnityEngine.UI", "UnityEngine.UI.Player.csproj", "{3e2ece26-147d-9f25-e6fd-f6d78a487193}"
EndProject
Project("{FAE04EC0-301F-11D3-BF4B-00C04F79EFBC}") = "Unity.VisualScripting.State", "Unity.VisualScripting.State.Player.csproj", "{1996bbc0-9a6e-4c56-f491-d5ad2497d03a}"
EndProject
Project("{FAE04EC0-301F-11D3-BF4B-00C04F79EFBC}") = "Unity.TextMeshPro", "Unity.TextMeshPro.Player.csproj", "{495a6cda-b99a-5c9c-c807-49abd350627d}"
EndProject
Project("{FAE04EC0-301F-11D3-BF4B-00C04F79EFBC}") = "Assembly-CSharp", "Assembly-CSharp.Player.csproj", "{f9f21a87-ee1e-a5e5-da14-ae0ab5e678f7}"
EndProject
Project("{FAE04EC0-301F-11D3-BF4B-00C04F79EFBC}") = "Assembly-CSharp-Editor", "Assembly-CSharp-Editor.csproj", "{746bac06-a1fa-f520-d027-c916f21757c6}"
EndProject
Project("{FAE04EC0-301F-11D3-BF4B-00C04F79EFBC}") = "Unity.TestTools.CodeCoverage.Editor.Compatibility", "Unity.TestTools.CodeCoverage.Editor.Compatibility.csproj", "{b7e7a325-e0a8-e0ec-4959-8d50ea7316b5}"
EndProject
Project("{FAE04EC0-301F-11D3-BF4B-00C04F79EFBC}") = "Unity.TextMeshPro.Editor.Tests", "Unity.TextMeshPro.Editor.Tests.csproj", "{1c3a97d0-1d60-2844-6a9b-20a69a0e4f48}"
EndProject
Project("{FAE04EC0-301F-11D3-BF4B-00C04F79EFBC}") = "DocCodeExamples", "DocCodeExamples.csproj", "{b8b9951e-04db-6f53-16ca-3ba9474e3747}"
EndProject
Project("{FAE04EC0-301F-11D3-BF4B-00C04F79EFBC}") = "Unity.Performance.Profile-Analyzer.EditorTests", "Unity.Performance.Profile-Analyzer.EditorTests.csproj", "{7fca9406-23aa-e5b3-6474-c28442b63058}"
EndProject
Project("{FAE04EC0-301F-11D3-BF4B-00C04F79EFBC}") = "Unity.Settings.Tests", "Unity.Settings.Tests.csproj", "{092de620-fe1d-22a5-7ccc-3b4caa4865c9}"
EndProject
Project("{FAE04EC0-301F-11D3-BF4B-00C04F79EFBC}") = "UnityEngine.UI.Tests", "UnityEngine.UI.Tests.csproj", "{bb1a3808-4a8f-dc05-ac64-198ca20500bf}"
EndProject
Project("{FAE04EC0-301F-11D3-BF4B-00C04F79EFBC}") = "Unity.TextMeshPro.Tests", "Unity.TextMeshPro.Tests.csproj", "{17b9724b-1e1d-77ed-b2e7-dbc48678076f}"
EndProject
Project("{FAE04EC0-301F-11D3-BF4B-00C04F79EFBC}") = "UnityEditor.UI.EditorTests", "UnityEditor.UI.EditorTests.csproj", "{e8c542b5-f923-da32-ddfb-55421bea1b27}"
EndProject
Global
	GlobalSection(SolutionConfigurationPlatforms) = preSolution
		Debug|Any CPU = Debug|Any CPU
	EndGlobalSection
	GlobalSection(ProjectConfigurationPlatforms) = postSolution
		{38a664fd-eeec-570a-8327-166a62cbfc84}.Debug|Any CPU.ActiveCfg = Debug|Any CPU
		{38a664fd-eeec-570a-8327-166a62cbfc84}.Debug|Any CPU.Build.0 = Debug|Any CPU
		{3e8d8894-1835-1c55-7202-c4147daa6322}.Debug|Any CPU.ActiveCfg = Debug|Any CPU
		{3e8d8894-1835-1c55-7202-c4147daa6322}.Debug|Any CPU.Build.0 = Debug|Any CPU
		{37f096d4-8281-01b7-5d4e-db9e7cb2f915}.Debug|Any CPU.ActiveCfg = Debug|Any CPU
		{37f096d4-8281-01b7-5d4e-db9e7cb2f915}.Debug|Any CPU.Build.0 = Debug|Any CPU
		{ea0ace79-efd1-d674-7099-3a28101ada4f}.Debug|Any CPU.ActiveCfg = Debug|Any CPU
		{ea0ace79-efd1-d674-7099-3a28101ada4f}.Debug|Any CPU.Build.0 = Debug|Any CPU
		{9efc1e1a-2563-16e8-f457-902ceb46c3e7}.Debug|Any CPU.ActiveCfg = Debug|Any CPU
		{9efc1e1a-2563-16e8-f457-902ceb46c3e7}.Debug|Any CPU.Build.0 = Debug|Any CPU
		{2c41de78-577a-87a8-4996-bf9e2f8f284e}.Debug|Any CPU.ActiveCfg = Debug|Any CPU
		{2c41de78-577a-87a8-4996-bf9e2f8f284e}.Debug|Any CPU.Build.0 = Debug|Any CPU
		{8f943ccf-6915-3fcf-1b77-a8cb8e172417}.Debug|Any CPU.ActiveCfg = Debug|Any CPU
		{8f943ccf-6915-3fcf-1b77-a8cb8e172417}.Debug|Any CPU.Build.0 = Debug|Any CPU
		{9e69e3ce-6295-e2da-aed4-9d218c060f0e}.Debug|Any CPU.ActiveCfg = Debug|Any CPU
		{9e69e3ce-6295-e2da-aed4-9d218c060f0e}.Debug|Any CPU.Build.0 = Debug|Any CPU
		{1805bf00-682c-447b-20b0-87b6614563d2}.Debug|Any CPU.ActiveCfg = Debug|Any CPU
		{1805bf00-682c-447b-20b0-87b6614563d2}.Debug|Any CPU.Build.0 = Debug|Any CPU
		{43cebdfb-d7c6-7c73-ea69-fd06206a9399}.Debug|Any CPU.ActiveCfg = Debug|Any CPU
		{43cebdfb-d7c6-7c73-ea69-fd06206a9399}.Debug|Any CPU.Build.0 = Debug|Any CPU
		{f2c8b929-de33-ee48-6b51-01bca365300b}.Debug|Any CPU.ActiveCfg = Debug|Any CPU
		{f2c8b929-de33-ee48-6b51-01bca365300b}.Debug|Any CPU.Build.0 = Debug|Any CPU
		{1f216e73-432d-3447-cf2a-8b1b0e37e9a9}.Debug|Any CPU.ActiveCfg = Debug|Any CPU
		{1f216e73-432d-3447-cf2a-8b1b0e37e9a9}.Debug|Any CPU.Build.0 = Debug|Any CPU
		{9fb5d686-a96b-f0d6-ebc8-b071686d8675}.Debug|Any CPU.ActiveCfg = Debug|Any CPU
		{9fb5d686-a96b-f0d6-ebc8-b071686d8675}.Debug|Any CPU.Build.0 = Debug|Any CPU
		{9bbcad23-352c-423c-2344-10f10bd34b8b}.Debug|Any CPU.ActiveCfg = Debug|Any CPU
		{9bbcad23-352c-423c-2344-10f10bd34b8b}.Debug|Any CPU.Build.0 = Debug|Any CPU
		{acf73c9d-b49e-f437-d511-55a55f120b45}.Debug|Any CPU.ActiveCfg = Debug|Any CPU
		{acf73c9d-b49e-f437-d511-55a55f120b45}.Debug|Any CPU.Build.0 = Debug|Any CPU
		{92f18fd9-05fe-4648-5c55-ad14e0ae962d}.Debug|Any CPU.ActiveCfg = Debug|Any CPU
		{92f18fd9-05fe-4648-5c55-ad14e0ae962d}.Debug|Any CPU.Build.0 = Debug|Any CPU
		{06b7f1c2-0f8d-81a8-b0ea-33f31c041c07}.Debug|Any CPU.ActiveCfg = Debug|Any CPU
		{06b7f1c2-0f8d-81a8-b0ea-33f31c041c07}.Debug|Any CPU.Build.0 = Debug|Any CPU
		{faf8b4a9-a669-a91e-35e1-c0fe93c5445e}.Debug|Any CPU.ActiveCfg = Debug|Any CPU
		{faf8b4a9-a669-a91e-35e1-c0fe93c5445e}.Debug|Any CPU.Build.0 = Debug|Any CPU
		{bd3df4f7-b96a-7590-7617-f704a8931f93}.Debug|Any CPU.ActiveCfg = Debug|Any CPU
		{bd3df4f7-b96a-7590-7617-f704a8931f93}.Debug|Any CPU.Build.0 = Debug|Any CPU
		{ba715de4-dc12-e4d3-e3b1-6b7a1bbb9bc5}.Debug|Any CPU.ActiveCfg = Debug|Any CPU
		{ba715de4-dc12-e4d3-e3b1-6b7a1bbb9bc5}.Debug|Any CPU.Build.0 = Debug|Any CPU
		{fa765de1-f431-916f-5954-19ceb91c8ef9}.Debug|Any CPU.ActiveCfg = Debug|Any CPU
		{fa765de1-f431-916f-5954-19ceb91c8ef9}.Debug|Any CPU.Build.0 = Debug|Any CPU
		{308b6c17-0cb8-8c06-3c3f-d8444f9757e1}.Debug|Any CPU.ActiveCfg = Debug|Any CPU
		{308b6c17-0cb8-8c06-3c3f-d8444f9757e1}.Debug|Any CPU.Build.0 = Debug|Any CPU
		{a7aec374-9a82-c4d3-24df-1542fa194d39}.Debug|Any CPU.ActiveCfg = Debug|Any CPU
		{a7aec374-9a82-c4d3-24df-1542fa194d39}.Debug|Any CPU.Build.0 = Debug|Any CPU
		{5e6a5f8c-1410-ff4e-85d1-91cd40ca913b}.Debug|Any CPU.ActiveCfg = Debug|Any CPU
		{5e6a5f8c-1410-ff4e-85d1-91cd40ca913b}.Debug|Any CPU.Build.0 = Debug|Any CPU
		{dee6557c-0e69-2936-a338-459ddb208294}.Debug|Any CPU.ActiveCfg = Debug|Any CPU
		{dee6557c-0e69-2936-a338-459ddb208294}.Debug|Any CPU.Build.0 = Debug|Any CPU
		{de6eb129-5ffd-9c96-fce0-713a3a6b2eaf}.Debug|Any CPU.ActiveCfg = Debug|Any CPU
		{de6eb129-5ffd-9c96-fce0-713a3a6b2eaf}.Debug|Any CPU.Build.0 = Debug|Any CPU
		{ee903754-21bb-af22-322d-b123568162f2}.Debug|Any CPU.ActiveCfg = Debug|Any CPU
		{ee903754-21bb-af22-322d-b123568162f2}.Debug|Any CPU.Build.0 = Debug|Any CPU
		{12f2819b-6662-a232-1ad9-5f6769d3055f}.Debug|Any CPU.ActiveCfg = Debug|Any CPU
		{12f2819b-6662-a232-1ad9-5f6769d3055f}.Debug|Any CPU.Build.0 = Debug|Any CPU
		{154f8f31-d6a6-ba76-7334-d466f54be190}.Debug|Any CPU.ActiveCfg = Debug|Any CPU
		{154f8f31-d6a6-ba76-7334-d466f54be190}.Debug|Any CPU.Build.0 = Debug|Any CPU
		{65882ec5-008d-56ee-ab1d-0113773ff90e}.Debug|Any CPU.ActiveCfg = Debug|Any CPU
		{65882ec5-008d-56ee-ab1d-0113773ff90e}.Debug|Any CPU.Build.0 = Debug|Any CPU
		{f0318633-1433-1468-bf0a-24e592dac365}.Debug|Any CPU.ActiveCfg = Debug|Any CPU
		{f0318633-1433-1468-bf0a-24e592dac365}.Debug|Any CPU.Build.0 = Debug|Any CPU
		{0dff1432-f65d-a139-d804-914731a6f37b}.Debug|Any CPU.ActiveCfg = Debug|Any CPU
		{0dff1432-f65d-a139-d804-914731a6f37b}.Debug|Any CPU.Build.0 = Debug|Any CPU
		{da4d451e-bce1-4fb4-2b3b-51e68157c9be}.Debug|Any CPU.ActiveCfg = Debug|Any CPU
		{da4d451e-bce1-4fb4-2b3b-51e68157c9be}.Debug|Any CPU.Build.0 = Debug|Any CPU
		{3e2ece26-147d-9f25-e6fd-f6d78a487193}.Debug|Any CPU.ActiveCfg = Debug|Any CPU
		{3e2ece26-147d-9f25-e6fd-f6d78a487193}.Debug|Any CPU.Build.0 = Debug|Any CPU
		{1996bbc0-9a6e-4c56-f491-d5ad2497d03a}.Debug|Any CPU.ActiveCfg = Debug|Any CPU
		{1996bbc0-9a6e-4c56-f491-d5ad2497d03a}.Debug|Any CPU.Build.0 = Debug|Any CPU
		{495a6cda-b99a-5c9c-c807-49abd350627d}.Debug|Any CPU.ActiveCfg = Debug|Any CPU
		{495a6cda-b99a-5c9c-c807-49abd350627d}.Debug|Any CPU.Build.0 = Debug|Any CPU
		{f9f21a87-ee1e-a5e5-da14-ae0ab5e678f7}.Debug|Any CPU.ActiveCfg = Debug|Any CPU
		{f9f21a87-ee1e-a5e5-da14-ae0ab5e678f7}.Debug|Any CPU.Build.0 = Debug|Any CPU
		{746bac06-a1fa-f520-d027-c916f21757c6}.Debug|Any CPU.ActiveCfg = Debug|Any CPU
		{746bac06-a1fa-f520-d027-c916f21757c6}.Debug|Any CPU.Build.0 = Debug|Any CPU
		{b7e7a325-e0a8-e0ec-4959-8d50ea7316b5}.Debug|Any CPU.ActiveCfg = Debug|Any CPU
		{b7e7a325-e0a8-e0ec-4959-8d50ea7316b5}.Debug|Any CPU.Build.0 = Debug|Any CPU
		{1c3a97d0-1d60-2844-6a9b-20a69a0e4f48}.Debug|Any CPU.ActiveCfg = Debug|Any CPU
		{1c3a97d0-1d60-2844-6a9b-20a69a0e4f48}.Debug|Any CPU.Build.0 = Debug|Any CPU
		{b8b9951e-04db-6f53-16ca-3ba9474e3747}.Debug|Any CPU.ActiveCfg = Debug|Any CPU
		{b8b9951e-04db-6f53-16ca-3ba9474e3747}.Debug|Any CPU.Build.0 = Debug|Any CPU
		{7fca9406-23aa-e5b3-6474-c28442b63058}.Debug|Any CPU.ActiveCfg = Debug|Any CPU
		{7fca9406-23aa-e5b3-6474-c28442b63058}.Debug|Any CPU.Build.0 = Debug|Any CPU
		{092de620-fe1d-22a5-7ccc-3b4caa4865c9}.Debug|Any CPU.ActiveCfg = Debug|Any CPU
		{092de620-fe1d-22a5-7ccc-3b4caa4865c9}.Debug|Any CPU.Build.0 = Debug|Any CPU
		{bb1a3808-4a8f-dc05-ac64-198ca20500bf}.Debug|Any CPU.ActiveCfg = Debug|Any CPU
		{bb1a3808-4a8f-dc05-ac64-198ca20500bf}.Debug|Any CPU.Build.0 = Debug|Any CPU
		{17b9724b-1e1d-77ed-b2e7-dbc48678076f}.Debug|Any CPU.ActiveCfg = Debug|Any CPU
		{17b9724b-1e1d-77ed-b2e7-dbc48678076f}.Debug|Any CPU.Build.0 = Debug|Any CPU
		{e8c542b5-f923-da32-ddfb-55421bea1b27}.Debug|Any CPU.ActiveCfg = Debug|Any CPU
		{e8c542b5-f923-da32-ddfb-55421bea1b27}.Debug|Any CPU.Build.0 = Debug|Any CPU
	EndGlobalSection
	GlobalSection(SolutionProperties) = preSolution
		HideSolutionNode = FALSE
	EndGlobalSection
EndGlobal
